
Microsoft Visual Studio Solution File, Format Version 12.00
# Visual Studio Version 17
VisualStudioVersion = 17.4.33213.308
MinimumVisualStudioVersion = 10.0.40219.1
Project("{8BC9CEB8-8B4A-11D0-8D11-00A0C91BC942}") = "DynamicRegistration", "DynamicRegistration.vcxproj", "{A3CF781C-C897-41E0-90D5-BF35F305C789}"
EndProject
Global
	GlobalSection(SolutionConfigurationPlatforms) = preSolution
		Debug|x64 = Debug|x64
		Debug|x86 = Debug|x86
		Release|x64 = Release|x64
		Release|x86 = Release|x86
	EndGlobalSection
	GlobalSection(ProjectConfigurationPlatforms) = postSolution
		{A3CF781C-C897-41E0-90D5-BF35F305C789}.Debug|x64.ActiveCfg = Debug|x64
		{A3CF781C-C897-41E0-90D5-BF35F305C789}.Debug|x64.Build.0 = Debug|x64
		{A3CF781C-C897-41E0-90D5-BF35F305C789}.Debug|x86.ActiveCfg = Debug|Win32
		{A3CF781C-C897-41E0-90D5-BF35F305C789}.Debug|x86.Build.0 = Debug|Win32
		{A3CF781C-C897-41E0-90D5-BF35F305C789}.Release|x64.ActiveCfg = Release|x64
		{A3CF781C-C897-41E0-90D5-BF35F305C789}.Release|x64.Build.0 = Release|x64
		{A3CF781C-C897-41E0-90D5-BF35F305C789}.Release|x86.ActiveCfg = Release|Win32
		{A3CF781C-C897-41E0-90D5-BF35F305C789}.Release|x86.Build.0 = Release|Win32
	EndGlobalSection
	GlobalSection(SolutionProperties) = preSolution
		HideSolutionNode = FALSE
	EndGlobalSection
	GlobalSection(ExtensibilityGlobals) = postSolution
		SolutionGuid = {CF7FF359-FBA4-4C6C-8786-12D27B540111}
	EndGlobalSection
EndGlobal
