<?xml version="1.0" encoding="utf-8"?>
<Project ToolsVersion="4.0" xmlns="http://schemas.microsoft.com/developer/msbuild/2003">
  <ItemGroup>
    <Filter Include="Source Files">
      <UniqueIdentifier>{4FC737F1-C7A5-4376-A066-2A32D752A2FF}</UniqueIdentifier>
      <Extensions>cpp;c;cc;cxx;c++;cppm;ixx;def;odl;idl;hpj;bat;asm;asmx</Extensions>
    </Filter>
    <Filter Include="Header Files">
      <UniqueIdentifier>{93995380-89BD-4b04-88EB-625FBE52EBFB}</UniqueIdentifier>
      <Extensions>h;hh;hpp;hxx;h++;hm;inl;inc;ipp;xsd</Extensions>
    </Filter>
    <Filter Include="Resource Files">
      <UniqueIdentifier>{67DA6AB6-F800-4c08-8B7A-83BB121AAD01}</UniqueIdentifier>
      <Extensions>rc;ico;cur;bmp;dlg;rc2;rct;bin;rgs;gif;jpg;jpeg;jpe;resx;tiff;tif;png;wav;mfcribbon-ms</Extensions>
    </Filter>
    <Filter Include="Interfaces">
      <UniqueIdentifier>{62661dfd-c5b3-437a-a1c1-a0c1f892c830}</UniqueIdentifier>
    </Filter>
    <Filter Include="Adapter">
      <UniqueIdentifier>{f771d107-844f-4971-958b-e6fea20caae4}</UniqueIdentifier>
    </Filter>
  </ItemGroup>
  <ItemGroup>
    <ClCompile Include="AdapterConfig.cpp">
      <Filter>Adapter</Filter>
    </ClCompile>
    <ClCompile Include="HttpInputAdapter.cpp">
      <Filter>Adapter</Filter>
    </ClCompile>
    <ClCompile Include="main.cpp" />
    <ClCompile Include="BusinesLogic.cpp">
      <Filter>Source Files</Filter>
    </ClCompile>
    <ClCompile Include="DbOutputAdapter.cpp">
      <Filter>Source Files</Filter>
    </ClCompile>
    <ClCompile Include="pch.cpp">
      <Filter>Source Files</Filter>
    </ClCompile>
    <ClCompile Include="Registration.cpp">
      <Filter>Source Files</Filter>
    </ClCompile>
  </ItemGroup>
  <ItemGroup>
    <ClInclude Include="AdapterConfig.h">
      <Filter>Header Files</Filter>
    </ClInclude>
    <ClInclude Include="pch.h">
      <Filter>Header Files</Filter>
    </ClInclude>
    <ClInclude Include="Exceptions.h">
      <Filter>Header Files</Filter>
    </ClInclude>
    <ClInclude Include="IInputAdapter.h">
      <Filter>Interfaces</Filter>
    </ClInclude>
    <ClInclude Include="IAdapterConfig.h">
      <Filter>Interfaces</Filter>
    </ClInclude>
    <ClInclude Include="IAdapter.h">
      <Filter>Interfaces</Filter>
    </ClInclude>
    <ClInclude Include="BusinesLogic.h">
      <Filter>Header Files</Filter>
    </ClInclude>
    <ClInclude Include="IOutputAdapter.h">
      <Filter>Interfaces</Filter>
    </ClInclude>
    <ClInclude Include="DbOutputAdapter.h">
      <Filter>Header Files</Filter>
    </ClInclude>
    <ClInclude Include="Tools.h">
      <Filter>Header Files</Filter>
    </ClInclude>
    <ClInclude Include="HttpInputAdapter.h">
      <Filter>Header Files</Filter>
    </ClInclude>
    <ClInclude Include="AdapterFactory.h">
      <Filter>Header Files</Filter>
    </ClInclude>
    <ClInclude Include="Registration.h">
      <Filter>Header Files</Filter>
    </ClInclude>
  </ItemGroup>
</Project>